
Microsoft Visual Studio Solution File, Format Version 12.00
# Visual Studio Version 17
VisualStudioVersion = 17.14.36119.2 d17.14
MinimumVisualStudioVersion = 10.0.40219.1
Project("{FAE04EC0-301F-11D3-BF4B-00C04F79EFBC}") = "Medication_Order_Service.Api", "Medication_Order_Service.Api\Medication_Order_Service.Api.csproj", "{C5275F1A-01B5-4344-83EF-146BE9014B7F}"
EndProject
Project("{FAE04EC0-301F-11D3-BF4B-00C04F79EFBC}") = "Medication_Order_Service.Application", "Medication_Order_Service.Application\Medication_Order_Service.Application.csproj", "{A0836AD3-E727-4915-8163-9CA9A61B481D}"
EndProject
Project("{FAE04EC0-301F-11D3-BF4B-00C04F79EFBC}") = "Medication_Order_Service.Domain", "Medication_Order_Service.Domain\Medication_Order_Service.Domain.csproj", "{A38DCC0E-3CA0-44E7-AE7C-6227BAA9ED0D}"
EndProject
Project("{FAE04EC0-301F-11D3-BF4B-00C04F79EFBC}") = "Medication_Order_Service.Infrastructure", "Medication_Order_Service.Infrastructure\Medication_Order_Service.Infrastructure.csproj", "{40A84D0D-E59C-47FD-AE94-23AD2097683A}"
EndProject
Global
	GlobalSection(SolutionConfigurationPlatforms) = preSolution
		Debug|Any CPU = Debug|Any CPU
		Release|Any CPU = Release|Any CPU
	EndGlobalSection
	GlobalSection(ProjectConfigurationPlatforms) = postSolution
		{C5275F1A-01B5-4344-83EF-146BE9014B7F}.Debug|Any CPU.ActiveCfg = Debug|Any CPU
		{C5275F1A-01B5-4344-83EF-146BE9014B7F}.Debug|Any CPU.Build.0 = Debug|Any CPU
		{C5275F1A-01B5-4344-83EF-146BE9014B7F}.Release|Any CPU.ActiveCfg = Release|Any CPU
		{C5275F1A-01B5-4344-83EF-146BE9014B7F}.Release|Any CPU.Build.0 = Release|Any CPU
		{A0836AD3-E727-4915-8163-9CA9A61B481D}.Debug|Any CPU.ActiveCfg = Debug|Any CPU
		{A0836AD3-E727-4915-8163-9CA9A61B481D}.Debug|Any CPU.Build.0 = Debug|Any CPU
		{A0836AD3-E727-4915-8163-9CA9A61B481D}.Release|Any CPU.ActiveCfg = Release|Any CPU
		{A0836AD3-E727-4915-8163-9CA9A61B481D}.Release|Any CPU.Build.0 = Release|Any CPU
		{A38DCC0E-3CA0-44E7-AE7C-6227BAA9ED0D}.Debug|Any CPU.ActiveCfg = Debug|Any CPU
		{A38DCC0E-3CA0-44E7-AE7C-6227BAA9ED0D}.Debug|Any CPU.Build.0 = Debug|Any CPU
		{A38DCC0E-3CA0-44E7-AE7C-6227BAA9ED0D}.Release|Any CPU.ActiveCfg = Release|Any CPU
		{A38DCC0E-3CA0-44E7-AE7C-6227BAA9ED0D}.Release|Any CPU.Build.0 = Release|Any CPU
		{40A84D0D-E59C-47FD-AE94-23AD2097683A}.Debug|Any CPU.ActiveCfg = Debug|Any CPU
		{40A84D0D-E59C-47FD-AE94-23AD2097683A}.Debug|Any CPU.Build.0 = Debug|Any CPU
		{40A84D0D-E59C-47FD-AE94-23AD2097683A}.Release|Any CPU.ActiveCfg = Release|Any CPU
		{40A84D0D-E59C-47FD-AE94-23AD2097683A}.Release|Any CPU.Build.0 = Release|Any CPU
	EndGlobalSection
	GlobalSection(SolutionProperties) = preSolution
		HideSolutionNode = FALSE
	EndGlobalSection
	GlobalSection(ExtensibilityGlobals) = postSolution
		SolutionGuid = {3F63F9EA-067B-4D55-AA3A-57145E33C4D2}
	EndGlobalSection
EndGlobal
