
Microsoft Visual Studio Solution File, Format Version 12.00
# Visual Studio Version 17
VisualStudioVersion = 17.13.35931.197 d17.13
MinimumVisualStudioVersion = 10.0.40219.1
Project("{FAE04EC0-301F-11D3-BF4B-00C04F79EFBC}") = "Cloud-Medication-Delivery-System.API", "Cloud-Medication-Delivery-System.API.csproj", "{CE64567C-03AA-4B77-A3B4-A2E361F4D940}"
EndProject
Global
	GlobalSection(SolutionConfigurationPlatforms) = preSolution
		Debug|Any CPU = Debug|Any CPU
		Release|Any CPU = Release|Any CPU
	EndGlobalSection
	GlobalSection(ProjectConfigurationPlatforms) = postSolution
		{CE64567C-03AA-4B77-A3B4-A2E361F4D940}.Debug|Any CPU.ActiveCfg = Debug|Any CPU
		{CE64567C-03AA-4B77-A3B4-A2E361F4D940}.Debug|Any CPU.Build.0 = Debug|Any CPU
		{CE64567C-03AA-4B77-A3B4-A2E361F4D940}.Release|Any CPU.ActiveCfg = Release|Any CPU
		{CE64567C-03AA-4B77-A3B4-A2E361F4D940}.Release|Any CPU.Build.0 = Release|Any CPU
	EndGlobalSection
	GlobalSection(SolutionProperties) = preSolution
		HideSolutionNode = FALSE
	EndGlobalSection
	GlobalSection(ExtensibilityGlobals) = postSolution
		SolutionGuid = {FF4B4AB3-788E-4FDD-A672-B438E5D110AA}
	EndGlobalSection
EndGlobal
